
Microsoft Visual Studio Solution File, Format Version 12.00
# Visual Studio Version 17
VisualStudioVersion = 17.6.33829.357
MinimumVisualStudioVersion = 10.0.40219.1
Project("{2150E333-8FDC-42A3-9474-1A3956D46DE8}") = "Solution Items", "Solution Items", "{D4DFE88F-F5FA-4902-B1D8-CC80DCBB4AAA}"
EndProject
Project("{9A19103F-16F7-4668-BE54-9A1E7A4F7556}") = "DayOne_2", "CS\DayOne\DayOne_2\DayOne_2.csproj", "{DC63A413-6AB0-430C-9592-970520505FB2}"
EndProject
Project("{9A19103F-16F7-4668-BE54-9A1E7A4F7556}") = "DayOne_1", "CS\DayOne\DayOne_1\DayOne_1.csproj", "{65653029-F3B5-4379-9783-EF5D6F7FEF0C}"
EndProject
Project("{9A19103F-16F7-4668-BE54-9A1E7A4F7556}") = "Shared", "CS\Shared\Shared.csproj", "{CF93F015-40D5-4D80-A885-F82EE06BE5E5}"
EndProject
Project("{8BC9CEB8-8B4A-11D0-8D11-00A0C91BC942}") = "DayOne_CPP", "CPP\DayOne_CPP\DayOne_CPP.vcxproj", "{7D1C2A9D-F41D-4374-937A-D238D7FE9EE2}"
EndProject
Project("{2150E333-8FDC-42A3-9474-1A3956D46DE8}") = "CS", "CS", "{355917CC-D07E-453F-8512-DE1FAF2541FE}"
EndProject
Project("{2150E333-8FDC-42A3-9474-1A3956D46DE8}") = "CPP", "CPP", "{F3CFF42B-14E6-4116-94C3-3020A8310D77}"
EndProject
Project("{2150E333-8FDC-42A3-9474-1A3956D46DE8}") = "DayOne", "DayOne", "{704B070C-5773-4317-9E6E-B3E197E2FFD6}"
EndProject
Project("{8BC9CEB8-8B4A-11D0-8D11-00A0C91BC942}") = "AOCUtilities", "CPP\AOCUtilities\AOCUtilities.vcxproj", "{2B9A2468-036B-4808-B9EB-B8CF43136124}"
EndProject
Project("{8BC9CEB8-8B4A-11D0-8D11-00A0C91BC942}") = "DayTwo_CPP", "CPP\DayTwo_CPP\DayTwo_CPP.vcxproj", "{D138A28D-59EE-4B3C-AF42-FB02E9774957}"
EndProject
Global
	GlobalSection(SolutionConfigurationPlatforms) = preSolution
		Debug|Any CPU = Debug|Any CPU
		Debug|x64 = Debug|x64
		Debug|x86 = Debug|x86
		Release|Any CPU = Release|Any CPU
		Release|x64 = Release|x64
		Release|x86 = Release|x86
	EndGlobalSection
	GlobalSection(ProjectConfigurationPlatforms) = postSolution
		{DC63A413-6AB0-430C-9592-970520505FB2}.Debug|Any CPU.ActiveCfg = Debug|Any CPU
		{DC63A413-6AB0-430C-9592-970520505FB2}.Debug|Any CPU.Build.0 = Debug|Any CPU
		{DC63A413-6AB0-430C-9592-970520505FB2}.Debug|x64.ActiveCfg = Debug|Any CPU
		{DC63A413-6AB0-430C-9592-970520505FB2}.Debug|x64.Build.0 = Debug|Any CPU
		{DC63A413-6AB0-430C-9592-970520505FB2}.Debug|x86.ActiveCfg = Debug|Any CPU
		{DC63A413-6AB0-430C-9592-970520505FB2}.Debug|x86.Build.0 = Debug|Any CPU
		{DC63A413-6AB0-430C-9592-970520505FB2}.Release|Any CPU.ActiveCfg = Release|Any CPU
		{DC63A413-6AB0-430C-9592-970520505FB2}.Release|Any CPU.Build.0 = Release|Any CPU
		{DC63A413-6AB0-430C-9592-970520505FB2}.Release|x64.ActiveCfg = Release|Any CPU
		{DC63A413-6AB0-430C-9592-970520505FB2}.Release|x64.Build.0 = Release|Any CPU
		{DC63A413-6AB0-430C-9592-970520505FB2}.Release|x86.ActiveCfg = Release|Any CPU
		{DC63A413-6AB0-430C-9592-970520505FB2}.Release|x86.Build.0 = Release|Any CPU
		{65653029-F3B5-4379-9783-EF5D6F7FEF0C}.Debug|Any CPU.ActiveCfg = Debug|Any CPU
		{65653029-F3B5-4379-9783-EF5D6F7FEF0C}.Debug|Any CPU.Build.0 = Debug|Any CPU
		{65653029-F3B5-4379-9783-EF5D6F7FEF0C}.Debug|x64.ActiveCfg = Debug|Any CPU
		{65653029-F3B5-4379-9783-EF5D6F7FEF0C}.Debug|x64.Build.0 = Debug|Any CPU
		{65653029-F3B5-4379-9783-EF5D6F7FEF0C}.Debug|x86.ActiveCfg = Debug|Any CPU
		{65653029-F3B5-4379-9783-EF5D6F7FEF0C}.Debug|x86.Build.0 = Debug|Any CPU
		{65653029-F3B5-4379-9783-EF5D6F7FEF0C}.Release|Any CPU.ActiveCfg = Release|Any CPU
		{65653029-F3B5-4379-9783-EF5D6F7FEF0C}.Release|Any CPU.Build.0 = Release|Any CPU
		{65653029-F3B5-4379-9783-EF5D6F7FEF0C}.Release|x64.ActiveCfg = Release|Any CPU
		{65653029-F3B5-4379-9783-EF5D6F7FEF0C}.Release|x64.Build.0 = Release|Any CPU
		{65653029-F3B5-4379-9783-EF5D6F7FEF0C}.Release|x86.ActiveCfg = Release|Any CPU
		{65653029-F3B5-4379-9783-EF5D6F7FEF0C}.Release|x86.Build.0 = Release|Any CPU
		{CF93F015-40D5-4D80-A885-F82EE06BE5E5}.Debug|Any CPU.ActiveCfg = Debug|Any CPU
		{CF93F015-40D5-4D80-A885-F82EE06BE5E5}.Debug|Any CPU.Build.0 = Debug|Any CPU
		{CF93F015-40D5-4D80-A885-F82EE06BE5E5}.Debug|x64.ActiveCfg = Debug|Any CPU
		{CF93F015-40D5-4D80-A885-F82EE06BE5E5}.Debug|x64.Build.0 = Debug|Any CPU
		{CF93F015-40D5-4D80-A885-F82EE06BE5E5}.Debug|x86.ActiveCfg = Debug|Any CPU
		{CF93F015-40D5-4D80-A885-F82EE06BE5E5}.Debug|x86.Build.0 = Debug|Any CPU
		{CF93F015-40D5-4D80-A885-F82EE06BE5E5}.Release|Any CPU.ActiveCfg = Release|Any CPU
		{CF93F015-40D5-4D80-A885-F82EE06BE5E5}.Release|Any CPU.Build.0 = Release|Any CPU
		{CF93F015-40D5-4D80-A885-F82EE06BE5E5}.Release|x64.ActiveCfg = Release|Any CPU
		{CF93F015-40D5-4D80-A885-F82EE06BE5E5}.Release|x64.Build.0 = Release|Any CPU
		{CF93F015-40D5-4D80-A885-F82EE06BE5E5}.Release|x86.ActiveCfg = Release|Any CPU
		{CF93F015-40D5-4D80-A885-F82EE06BE5E5}.Release|x86.Build.0 = Release|Any CPU
		{7D1C2A9D-F41D-4374-937A-D238D7FE9EE2}.Debug|Any CPU.ActiveCfg = Debug|x64
		{7D1C2A9D-F41D-4374-937A-D238D7FE9EE2}.Debug|Any CPU.Build.0 = Debug|x64
		{7D1C2A9D-F41D-4374-937A-D238D7FE9EE2}.Debug|x64.ActiveCfg = Debug|x64
		{7D1C2A9D-F41D-4374-937A-D238D7FE9EE2}.Debug|x64.Build.0 = Debug|x64
		{7D1C2A9D-F41D-4374-937A-D238D7FE9EE2}.Debug|x86.ActiveCfg = Debug|Win32
		{7D1C2A9D-F41D-4374-937A-D238D7FE9EE2}.Debug|x86.Build.0 = Debug|Win32
		{7D1C2A9D-F41D-4374-937A-D238D7FE9EE2}.Release|Any CPU.ActiveCfg = Release|x64
		{7D1C2A9D-F41D-4374-937A-D238D7FE9EE2}.Release|Any CPU.Build.0 = Release|x64
		{7D1C2A9D-F41D-4374-937A-D238D7FE9EE2}.Release|x64.ActiveCfg = Release|x64
		{7D1C2A9D-F41D-4374-937A-D238D7FE9EE2}.Release|x64.Build.0 = Release|x64
		{7D1C2A9D-F41D-4374-937A-D238D7FE9EE2}.Release|x86.ActiveCfg = Release|Win32
		{7D1C2A9D-F41D-4374-937A-D238D7FE9EE2}.Release|x86.Build.0 = Release|Win32
		{2B9A2468-036B-4808-B9EB-B8CF43136124}.Debug|Any CPU.ActiveCfg = Debug|x64
		{2B9A2468-036B-4808-B9EB-B8CF43136124}.Debug|Any CPU.Build.0 = Debug|x64
		{2B9A2468-036B-4808-B9EB-B8CF43136124}.Debug|x64.ActiveCfg = Debug|x64
		{2B9A2468-036B-4808-B9EB-B8CF43136124}.Debug|x64.Build.0 = Debug|x64
		{2B9A2468-036B-4808-B9EB-B8CF43136124}.Debug|x86.ActiveCfg = Debug|Win32
		{2B9A2468-036B-4808-B9EB-B8CF43136124}.Debug|x86.Build.0 = Debug|Win32
		{2B9A2468-036B-4808-B9EB-B8CF43136124}.Release|Any CPU.ActiveCfg = Release|x64
		{2B9A2468-036B-4808-B9EB-B8CF43136124}.Release|Any CPU.Build.0 = Release|x64
		{2B9A2468-036B-4808-B9EB-B8CF43136124}.Release|x64.ActiveCfg = Release|x64
		{2B9A2468-036B-4808-B9EB-B8CF43136124}.Release|x64.Build.0 = Release|x64
		{2B9A2468-036B-4808-B9EB-B8CF43136124}.Release|x86.ActiveCfg = Release|Win32
		{2B9A2468-036B-4808-B9EB-B8CF43136124}.Release|x86.Build.0 = Release|Win32
		{D138A28D-59EE-4B3C-AF42-FB02E9774957}.Debug|Any CPU.ActiveCfg = Debug|x64
		{D138A28D-59EE-4B3C-AF42-FB02E9774957}.Debug|Any CPU.Build.0 = Debug|x64
		{D138A28D-59EE-4B3C-AF42-FB02E9774957}.Debug|x64.ActiveCfg = Debug|x64
		{D138A28D-59EE-4B3C-AF42-FB02E9774957}.Debug|x64.Build.0 = Debug|x64
		{D138A28D-59EE-4B3C-AF42-FB02E9774957}.Debug|x86.ActiveCfg = Debug|Win32
		{D138A28D-59EE-4B3C-AF42-FB02E9774957}.Debug|x86.Build.0 = Debug|Win32
		{D138A28D-59EE-4B3C-AF42-FB02E9774957}.Release|Any CPU.ActiveCfg = Release|x64
		{D138A28D-59EE-4B3C-AF42-FB02E9774957}.Release|Any CPU.Build.0 = Release|x64
		{D138A28D-59EE-4B3C-AF42-FB02E9774957}.Release|x64.ActiveCfg = Release|x64
		{D138A28D-59EE-4B3C-AF42-FB02E9774957}.Release|x64.Build.0 = Release|x64
		{D138A28D-59EE-4B3C-AF42-FB02E9774957}.Release|x86.ActiveCfg = Release|Win32
		{D138A28D-59EE-4B3C-AF42-FB02E9774957}.Release|x86.Build.0 = Release|Win32
	EndGlobalSection
	GlobalSection(SolutionProperties) = preSolution
		HideSolutionNode = FALSE
	EndGlobalSection
	GlobalSection(NestedProjects) = preSolution
		{DC63A413-6AB0-430C-9592-970520505FB2} = {704B070C-5773-4317-9E6E-B3E197E2FFD6}
		{65653029-F3B5-4379-9783-EF5D6F7FEF0C} = {704B070C-5773-4317-9E6E-B3E197E2FFD6}
		{CF93F015-40D5-4D80-A885-F82EE06BE5E5} = {355917CC-D07E-453F-8512-DE1FAF2541FE}
		{7D1C2A9D-F41D-4374-937A-D238D7FE9EE2} = {F3CFF42B-14E6-4116-94C3-3020A8310D77}
		{704B070C-5773-4317-9E6E-B3E197E2FFD6} = {355917CC-D07E-453F-8512-DE1FAF2541FE}
		{2B9A2468-036B-4808-B9EB-B8CF43136124} = {F3CFF42B-14E6-4116-94C3-3020A8310D77}
		{D138A28D-59EE-4B3C-AF42-FB02E9774957} = {F3CFF42B-14E6-4116-94C3-3020A8310D77}
	EndGlobalSection
	GlobalSection(ExtensibilityGlobals) = postSolution
		SolutionGuid = {BCDA8A94-B0EA-4007-8D4C-508DA4499A46}
	EndGlobalSection
EndGlobal
