
Microsoft Visual Studio Solution File, Format Version 12.00
# Visual Studio Version 17
VisualStudioVersion = 17.6.33829.357
MinimumVisualStudioVersion = 10.0.40219.1
Project("{FAE04EC0-301F-11D3-BF4B-00C04F79EFBC}") = "DayOne_1", "DayOne\DayOne_1.csproj", "{7C1AF4A1-9888-4335-876A-27D717E247F9}"
EndProject
Project("{2150E333-8FDC-42A3-9474-1A3956D46DE8}") = "Solution Items", "Solution Items", "{D4DFE88F-F5FA-4902-B1D8-CC80DCBB4AAA}"
EndProject
Project("{FAE04EC0-301F-11D3-BF4B-00C04F79EFBC}") = "Shared", "Shared\Shared.csproj", "{F62FC9E5-39BA-41AC-87D5-1AB0D52C2318}"
EndProject
Project("{FAE04EC0-301F-11D3-BF4B-00C04F79EFBC}") = "DayOne_2", "DayTwo\DayOne_2.csproj", "{3A842A81-21BF-4219-863F-B5E371F91AB6}"
EndProject
Global
	GlobalSection(SolutionConfigurationPlatforms) = preSolution
		Debug|Any CPU = Debug|Any CPU
		Release|Any CPU = Release|Any CPU
	EndGlobalSection
	GlobalSection(ProjectConfigurationPlatforms) = postSolution
		{7C1AF4A1-9888-4335-876A-27D717E247F9}.Debug|Any CPU.ActiveCfg = Debug|Any CPU
		{7C1AF4A1-9888-4335-876A-27D717E247F9}.Debug|Any CPU.Build.0 = Debug|Any CPU
		{7C1AF4A1-9888-4335-876A-27D717E247F9}.Release|Any CPU.ActiveCfg = Release|Any CPU
		{7C1AF4A1-9888-4335-876A-27D717E247F9}.Release|Any CPU.Build.0 = Release|Any CPU
		{F62FC9E5-39BA-41AC-87D5-1AB0D52C2318}.Debug|Any CPU.ActiveCfg = Debug|Any CPU
		{F62FC9E5-39BA-41AC-87D5-1AB0D52C2318}.Debug|Any CPU.Build.0 = Debug|Any CPU
		{F62FC9E5-39BA-41AC-87D5-1AB0D52C2318}.Release|Any CPU.ActiveCfg = Release|Any CPU
		{F62FC9E5-39BA-41AC-87D5-1AB0D52C2318}.Release|Any CPU.Build.0 = Release|Any CPU
		{3A842A81-21BF-4219-863F-B5E371F91AB6}.Debug|Any CPU.ActiveCfg = Debug|Any CPU
		{3A842A81-21BF-4219-863F-B5E371F91AB6}.Debug|Any CPU.Build.0 = Debug|Any CPU
		{3A842A81-21BF-4219-863F-B5E371F91AB6}.Release|Any CPU.ActiveCfg = Release|Any CPU
		{3A842A81-21BF-4219-863F-B5E371F91AB6}.Release|Any CPU.Build.0 = Release|Any CPU
	EndGlobalSection
	GlobalSection(SolutionProperties) = preSolution
		HideSolutionNode = FALSE
	EndGlobalSection
	GlobalSection(ExtensibilityGlobals) = postSolution
		SolutionGuid = {BCDA8A94-B0EA-4007-8D4C-508DA4499A46}
	EndGlobalSection
EndGlobal
